
Microsoft Visual Studio Solution File, Format Version 12.00
# Visual Studio Version 17
VisualStudioVersion = 17.6.33829.357
MinimumVisualStudioVersion = 10.0.40219.1
Project("{FAE04EC0-301F-11D3-BF4B-00C04F79EFBC}") = "NestHive.ToolKit", "NestHive.ToolKit.csproj", "{DDC4759F-2DCF-4DF1-A837-7910522BAAD7}"
EndProject
Project("{FAE04EC0-301F-11D3-BF4B-00C04F79EFBC}") = "HiveCLI", "..\HiveCLI\HiveCLI.csproj", "{63419A83-A2C1-48F4-9450-A7AFD2FFBA11}"
EndProject
Global
	GlobalSection(SolutionConfigurationPlatforms) = preSolution
		Debug|Any CPU = Debug|Any CPU
		Release|Any CPU = Release|Any CPU
	EndGlobalSection
	GlobalSection(ProjectConfigurationPlatforms) = postSolution
		{DDC4759F-2DCF-4DF1-A837-7910522BAAD7}.Debug|Any CPU.ActiveCfg = Debug|Any CPU
		{DDC4759F-2DCF-4DF1-A837-7910522BAAD7}.Debug|Any CPU.Build.0 = Debug|Any CPU
		{DDC4759F-2DCF-4DF1-A837-7910522BAAD7}.Release|Any CPU.ActiveCfg = Release|Any CPU
		{DDC4759F-2DCF-4DF1-A837-7910522BAAD7}.Release|Any CPU.Build.0 = Release|Any CPU
		{63419A83-A2C1-48F4-9450-A7AFD2FFBA11}.Debug|Any CPU.ActiveCfg = Debug|Any CPU
		{63419A83-A2C1-48F4-9450-A7AFD2FFBA11}.Debug|Any CPU.Build.0 = Debug|Any CPU
		{63419A83-A2C1-48F4-9450-A7AFD2FFBA11}.Release|Any CPU.ActiveCfg = Release|Any CPU
		{63419A83-A2C1-48F4-9450-A7AFD2FFBA11}.Release|Any CPU.Build.0 = Release|Any CPU
	EndGlobalSection
	GlobalSection(SolutionProperties) = preSolution
		HideSolutionNode = FALSE
	EndGlobalSection
	GlobalSection(ExtensibilityGlobals) = postSolution
		SolutionGuid = {651101DB-FC4B-4BF9-AF7E-92316B6C2037}
	EndGlobalSection
EndGlobal
